
Microsoft Visual Studio Solution File, Format Version 12.00
# Visual Studio 2013
VisualStudioVersion = 12.0.31101.0
MinimumVisualStudioVersion = 10.0.40219.1
Project("{F2A71F9B-5D33-465A-A702-920D77279786}") = "FsReact", "FsReact\FsReact.fsproj", "{F431C008-04F2-4A1A-8ADF-CB89980ADBDD}"
EndProject
Project("{F2A71F9B-5D33-465A-A702-920D77279786}") = "FsReact.iOS", "FsReact.iOS\FsReact.iOS.fsproj", "{69C0FB7A-C40C-4D4B-8691-A94622605B08}"
EndProject
Project("{F2A71F9B-5D33-465A-A702-920D77279786}") = "FsReact.iOS.UI.Tests", "FsReact.iOS.UI.Tests\FsReact.iOS.UI.Tests.fsproj", "{F0A9F55F-1554-44A9-8A2D-42AE154C07ED}"
EndProject
Project("{F2A71F9B-5D33-465A-A702-920D77279786}") = "FsReact.Tests", "FsReact.Tests\FsReact.Tests.fsproj", "{630C91F9-1186-43D1-8C8B-616B05993411}"
EndProject
Global
	GlobalSection(SolutionConfigurationPlatforms) = preSolution
		Ad-Hoc|Any CPU = Ad-Hoc|Any CPU
		Ad-Hoc|iPhone = Ad-Hoc|iPhone
		Ad-Hoc|iPhoneSimulator = Ad-Hoc|iPhoneSimulator
		Ad-Hoc|Mixed Platforms = Ad-Hoc|Mixed Platforms
		AppStore|Any CPU = AppStore|Any CPU
		AppStore|iPhone = AppStore|iPhone
		AppStore|iPhoneSimulator = AppStore|iPhoneSimulator
		AppStore|Mixed Platforms = AppStore|Mixed Platforms
		Debug|Any CPU = Debug|Any CPU
		Debug|iPhone = Debug|iPhone
		Debug|iPhoneSimulator = Debug|iPhoneSimulator
		Debug|Mixed Platforms = Debug|Mixed Platforms
		Release|Any CPU = Release|Any CPU
		Release|iPhone = Release|iPhone
		Release|iPhoneSimulator = Release|iPhoneSimulator
		Release|Mixed Platforms = Release|Mixed Platforms
	EndGlobalSection
	GlobalSection(ProjectConfigurationPlatforms) = postSolution
		{F431C008-04F2-4A1A-8ADF-CB89980ADBDD}.Ad-Hoc|Any CPU.ActiveCfg = Release|Any CPU
		{F431C008-04F2-4A1A-8ADF-CB89980ADBDD}.Ad-Hoc|Any CPU.Build.0 = Release|Any CPU
		{F431C008-04F2-4A1A-8ADF-CB89980ADBDD}.Ad-Hoc|iPhone.ActiveCfg = Release|Any CPU
		{F431C008-04F2-4A1A-8ADF-CB89980ADBDD}.Ad-Hoc|iPhoneSimulator.ActiveCfg = Release|Any CPU
		{F431C008-04F2-4A1A-8ADF-CB89980ADBDD}.Ad-Hoc|Mixed Platforms.ActiveCfg = Release|Any CPU
		{F431C008-04F2-4A1A-8ADF-CB89980ADBDD}.Ad-Hoc|Mixed Platforms.Build.0 = Release|Any CPU
		{F431C008-04F2-4A1A-8ADF-CB89980ADBDD}.AppStore|Any CPU.ActiveCfg = Release|Any CPU
		{F431C008-04F2-4A1A-8ADF-CB89980ADBDD}.AppStore|Any CPU.Build.0 = Release|Any CPU
		{F431C008-04F2-4A1A-8ADF-CB89980ADBDD}.AppStore|iPhone.ActiveCfg = Release|Any CPU
		{F431C008-04F2-4A1A-8ADF-CB89980ADBDD}.AppStore|iPhoneSimulator.ActiveCfg = Release|Any CPU
		{F431C008-04F2-4A1A-8ADF-CB89980ADBDD}.AppStore|Mixed Platforms.ActiveCfg = Release|Any CPU
		{F431C008-04F2-4A1A-8ADF-CB89980ADBDD}.AppStore|Mixed Platforms.Build.0 = Release|Any CPU
		{F431C008-04F2-4A1A-8ADF-CB89980ADBDD}.Debug|Any CPU.ActiveCfg = Debug|Any CPU
		{F431C008-04F2-4A1A-8ADF-CB89980ADBDD}.Debug|Any CPU.Build.0 = Debug|Any CPU
		{F431C008-04F2-4A1A-8ADF-CB89980ADBDD}.Debug|iPhone.ActiveCfg = Debug|Any CPU
		{F431C008-04F2-4A1A-8ADF-CB89980ADBDD}.Debug|iPhone.Build.0 = Debug|Any CPU
		{F431C008-04F2-4A1A-8ADF-CB89980ADBDD}.Debug|iPhoneSimulator.ActiveCfg = Debug|Any CPU
		{F431C008-04F2-4A1A-8ADF-CB89980ADBDD}.Debug|iPhoneSimulator.Build.0 = Debug|Any CPU
		{F431C008-04F2-4A1A-8ADF-CB89980ADBDD}.Debug|Mixed Platforms.ActiveCfg = Debug|Any CPU
		{F431C008-04F2-4A1A-8ADF-CB89980ADBDD}.Debug|Mixed Platforms.Build.0 = Debug|Any CPU
		{F431C008-04F2-4A1A-8ADF-CB89980ADBDD}.Release|Any CPU.ActiveCfg = Release|Any CPU
		{F431C008-04F2-4A1A-8ADF-CB89980ADBDD}.Release|Any CPU.Build.0 = Release|Any CPU
		{F431C008-04F2-4A1A-8ADF-CB89980ADBDD}.Release|iPhone.ActiveCfg = Release|Any CPU
		{F431C008-04F2-4A1A-8ADF-CB89980ADBDD}.Release|iPhone.Build.0 = Release|Any CPU
		{F431C008-04F2-4A1A-8ADF-CB89980ADBDD}.Release|iPhoneSimulator.ActiveCfg = Release|Any CPU
		{F431C008-04F2-4A1A-8ADF-CB89980ADBDD}.Release|iPhoneSimulator.Build.0 = Release|Any CPU
		{F431C008-04F2-4A1A-8ADF-CB89980ADBDD}.Release|Mixed Platforms.ActiveCfg = Release|Any CPU
		{F431C008-04F2-4A1A-8ADF-CB89980ADBDD}.Release|Mixed Platforms.Build.0 = Release|Any CPU
		{69C0FB7A-C40C-4D4B-8691-A94622605B08}.Ad-Hoc|Any CPU.ActiveCfg = Ad-Hoc|iPhone
		{69C0FB7A-C40C-4D4B-8691-A94622605B08}.Ad-Hoc|iPhone.ActiveCfg = Ad-Hoc|iPhone
		{69C0FB7A-C40C-4D4B-8691-A94622605B08}.Ad-Hoc|iPhone.Build.0 = Ad-Hoc|iPhone
		{69C0FB7A-C40C-4D4B-8691-A94622605B08}.Ad-Hoc|iPhoneSimulator.ActiveCfg = Ad-Hoc|iPhoneSimulator
		{69C0FB7A-C40C-4D4B-8691-A94622605B08}.Ad-Hoc|iPhoneSimulator.Build.0 = Ad-Hoc|iPhoneSimulator
		{69C0FB7A-C40C-4D4B-8691-A94622605B08}.Ad-Hoc|Mixed Platforms.ActiveCfg = Ad-Hoc|iPhone
		{69C0FB7A-C40C-4D4B-8691-A94622605B08}.Ad-Hoc|Mixed Platforms.Build.0 = Ad-Hoc|iPhone
		{69C0FB7A-C40C-4D4B-8691-A94622605B08}.AppStore|Any CPU.ActiveCfg = AppStore|iPhone
		{69C0FB7A-C40C-4D4B-8691-A94622605B08}.AppStore|iPhone.ActiveCfg = AppStore|iPhone
		{69C0FB7A-C40C-4D4B-8691-A94622605B08}.AppStore|iPhone.Build.0 = AppStore|iPhone
		{69C0FB7A-C40C-4D4B-8691-A94622605B08}.AppStore|iPhoneSimulator.ActiveCfg = AppStore|iPhoneSimulator
		{69C0FB7A-C40C-4D4B-8691-A94622605B08}.AppStore|iPhoneSimulator.Build.0 = AppStore|iPhoneSimulator
		{69C0FB7A-C40C-4D4B-8691-A94622605B08}.AppStore|Mixed Platforms.ActiveCfg = AppStore|iPhone
		{69C0FB7A-C40C-4D4B-8691-A94622605B08}.AppStore|Mixed Platforms.Build.0 = AppStore|iPhone
		{69C0FB7A-C40C-4D4B-8691-A94622605B08}.Debug|Any CPU.ActiveCfg = Debug|iPhone
		{69C0FB7A-C40C-4D4B-8691-A94622605B08}.Debug|iPhone.ActiveCfg = Debug|iPhone
		{69C0FB7A-C40C-4D4B-8691-A94622605B08}.Debug|iPhone.Build.0 = Debug|iPhone
		{69C0FB7A-C40C-4D4B-8691-A94622605B08}.Debug|iPhoneSimulator.ActiveCfg = Debug|iPhoneSimulator
		{69C0FB7A-C40C-4D4B-8691-A94622605B08}.Debug|iPhoneSimulator.Build.0 = Debug|iPhoneSimulator
		{69C0FB7A-C40C-4D4B-8691-A94622605B08}.Debug|Mixed Platforms.ActiveCfg = Debug|iPhone
		{69C0FB7A-C40C-4D4B-8691-A94622605B08}.Debug|Mixed Platforms.Build.0 = Debug|iPhone
		{69C0FB7A-C40C-4D4B-8691-A94622605B08}.Release|Any CPU.ActiveCfg = Release|iPhone
		{69C0FB7A-C40C-4D4B-8691-A94622605B08}.Release|iPhone.ActiveCfg = Release|iPhone
		{69C0FB7A-C40C-4D4B-8691-A94622605B08}.Release|iPhone.Build.0 = Release|iPhone
		{69C0FB7A-C40C-4D4B-8691-A94622605B08}.Release|iPhoneSimulator.ActiveCfg = Release|iPhoneSimulator
		{69C0FB7A-C40C-4D4B-8691-A94622605B08}.Release|iPhoneSimulator.Build.0 = Release|iPhoneSimulator
		{69C0FB7A-C40C-4D4B-8691-A94622605B08}.Release|Mixed Platforms.ActiveCfg = Release|iPhone
		{69C0FB7A-C40C-4D4B-8691-A94622605B08}.Release|Mixed Platforms.Build.0 = Release|iPhone
		{F0A9F55F-1554-44A9-8A2D-42AE154C07ED}.Ad-Hoc|Any CPU.ActiveCfg = Ad-Hoc|iPhone
		{F0A9F55F-1554-44A9-8A2D-42AE154C07ED}.Ad-Hoc|iPhone.ActiveCfg = Ad-Hoc|iPhone
		{F0A9F55F-1554-44A9-8A2D-42AE154C07ED}.Ad-Hoc|iPhone.Build.0 = Ad-Hoc|iPhone
		{F0A9F55F-1554-44A9-8A2D-42AE154C07ED}.Ad-Hoc|iPhoneSimulator.ActiveCfg = Ad-Hoc|iPhoneSimulator
		{F0A9F55F-1554-44A9-8A2D-42AE154C07ED}.Ad-Hoc|iPhoneSimulator.Build.0 = Ad-Hoc|iPhoneSimulator
		{F0A9F55F-1554-44A9-8A2D-42AE154C07ED}.Ad-Hoc|Mixed Platforms.ActiveCfg = Ad-Hoc|iPhone
		{F0A9F55F-1554-44A9-8A2D-42AE154C07ED}.Ad-Hoc|Mixed Platforms.Build.0 = Ad-Hoc|iPhone
		{F0A9F55F-1554-44A9-8A2D-42AE154C07ED}.AppStore|Any CPU.ActiveCfg = AppStore|iPhone
		{F0A9F55F-1554-44A9-8A2D-42AE154C07ED}.AppStore|iPhone.ActiveCfg = AppStore|iPhone
		{F0A9F55F-1554-44A9-8A2D-42AE154C07ED}.AppStore|iPhone.Build.0 = AppStore|iPhone
		{F0A9F55F-1554-44A9-8A2D-42AE154C07ED}.AppStore|iPhoneSimulator.ActiveCfg = AppStore|iPhoneSimulator
		{F0A9F55F-1554-44A9-8A2D-42AE154C07ED}.AppStore|iPhoneSimulator.Build.0 = AppStore|iPhoneSimulator
		{F0A9F55F-1554-44A9-8A2D-42AE154C07ED}.AppStore|Mixed Platforms.ActiveCfg = AppStore|iPhone
		{F0A9F55F-1554-44A9-8A2D-42AE154C07ED}.AppStore|Mixed Platforms.Build.0 = AppStore|iPhone
		{F0A9F55F-1554-44A9-8A2D-42AE154C07ED}.Debug|Any CPU.ActiveCfg = Debug|iPhone
		{F0A9F55F-1554-44A9-8A2D-42AE154C07ED}.Debug|iPhone.ActiveCfg = Debug|iPhone
		{F0A9F55F-1554-44A9-8A2D-42AE154C07ED}.Debug|iPhone.Build.0 = Debug|iPhone
		{F0A9F55F-1554-44A9-8A2D-42AE154C07ED}.Debug|iPhoneSimulator.ActiveCfg = Debug|iPhoneSimulator
		{F0A9F55F-1554-44A9-8A2D-42AE154C07ED}.Debug|iPhoneSimulator.Build.0 = Debug|iPhoneSimulator
		{F0A9F55F-1554-44A9-8A2D-42AE154C07ED}.Debug|Mixed Platforms.ActiveCfg = Debug|iPhone
		{F0A9F55F-1554-44A9-8A2D-42AE154C07ED}.Debug|Mixed Platforms.Build.0 = Debug|iPhone
		{F0A9F55F-1554-44A9-8A2D-42AE154C07ED}.Release|Any CPU.ActiveCfg = Release|iPhone
		{F0A9F55F-1554-44A9-8A2D-42AE154C07ED}.Release|iPhone.ActiveCfg = Release|iPhone
		{F0A9F55F-1554-44A9-8A2D-42AE154C07ED}.Release|iPhone.Build.0 = Release|iPhone
		{F0A9F55F-1554-44A9-8A2D-42AE154C07ED}.Release|iPhoneSimulator.ActiveCfg = Release|iPhoneSimulator
		{F0A9F55F-1554-44A9-8A2D-42AE154C07ED}.Release|iPhoneSimulator.Build.0 = Release|iPhoneSimulator
		{F0A9F55F-1554-44A9-8A2D-42AE154C07ED}.Release|Mixed Platforms.ActiveCfg = Release|iPhone
		{F0A9F55F-1554-44A9-8A2D-42AE154C07ED}.Release|Mixed Platforms.Build.0 = Release|iPhone
		{630C91F9-1186-43D1-8C8B-616B05993411}.Ad-Hoc|Any CPU.ActiveCfg = Release|Any CPU
		{630C91F9-1186-43D1-8C8B-616B05993411}.Ad-Hoc|Any CPU.Build.0 = Release|Any CPU
		{630C91F9-1186-43D1-8C8B-616B05993411}.Ad-Hoc|iPhone.ActiveCfg = Release|Any CPU
		{630C91F9-1186-43D1-8C8B-616B05993411}.Ad-Hoc|iPhoneSimulator.ActiveCfg = Release|Any CPU
		{630C91F9-1186-43D1-8C8B-616B05993411}.Ad-Hoc|Mixed Platforms.ActiveCfg = Release|Any CPU
		{630C91F9-1186-43D1-8C8B-616B05993411}.Ad-Hoc|Mixed Platforms.Build.0 = Release|Any CPU
		{630C91F9-1186-43D1-8C8B-616B05993411}.AppStore|Any CPU.ActiveCfg = Release|Any CPU
		{630C91F9-1186-43D1-8C8B-616B05993411}.AppStore|Any CPU.Build.0 = Release|Any CPU
		{630C91F9-1186-43D1-8C8B-616B05993411}.AppStore|iPhone.ActiveCfg = Release|Any CPU
		{630C91F9-1186-43D1-8C8B-616B05993411}.AppStore|iPhoneSimulator.ActiveCfg = Release|Any CPU
		{630C91F9-1186-43D1-8C8B-616B05993411}.AppStore|Mixed Platforms.ActiveCfg = Release|Any CPU
		{630C91F9-1186-43D1-8C8B-616B05993411}.AppStore|Mixed Platforms.Build.0 = Release|Any CPU
		{630C91F9-1186-43D1-8C8B-616B05993411}.Debug|Any CPU.ActiveCfg = Debug|Any CPU
		{630C91F9-1186-43D1-8C8B-616B05993411}.Debug|Any CPU.Build.0 = Debug|Any CPU
		{630C91F9-1186-43D1-8C8B-616B05993411}.Debug|iPhone.ActiveCfg = Debug|Any CPU
		{630C91F9-1186-43D1-8C8B-616B05993411}.Debug|iPhoneSimulator.ActiveCfg = Debug|Any CPU
		{630C91F9-1186-43D1-8C8B-616B05993411}.Debug|Mixed Platforms.ActiveCfg = Debug|Any CPU
		{630C91F9-1186-43D1-8C8B-616B05993411}.Debug|Mixed Platforms.Build.0 = Debug|Any CPU
		{630C91F9-1186-43D1-8C8B-616B05993411}.Release|Any CPU.ActiveCfg = Release|Any CPU
		{630C91F9-1186-43D1-8C8B-616B05993411}.Release|Any CPU.Build.0 = Release|Any CPU
		{630C91F9-1186-43D1-8C8B-616B05993411}.Release|iPhone.ActiveCfg = Release|Any CPU
		{630C91F9-1186-43D1-8C8B-616B05993411}.Release|iPhoneSimulator.ActiveCfg = Release|Any CPU
		{630C91F9-1186-43D1-8C8B-616B05993411}.Release|Mixed Platforms.ActiveCfg = Release|Any CPU
		{630C91F9-1186-43D1-8C8B-616B05993411}.Release|Mixed Platforms.Build.0 = Release|Any CPU
	EndGlobalSection
	GlobalSection(SolutionProperties) = preSolution
		HideSolutionNode = FALSE
	EndGlobalSection
EndGlobal
